
Microsoft Visual Studio Solution File, Format Version 12.00
# Visual Studio Version 16
VisualStudioVersion = 16.0.31313.79
MinimumVisualStudioVersion = 10.0.40219.1
Project("{8BC9CEB8-8B4A-11D0-8D11-00A0C91BC942}") = "Exceptions1", "Exceptions1\Exceptions1.vcxproj", "{22521449-2C15-4B29-B786-DF38D0FAE714}"
EndProject
Global
	GlobalSection(SolutionConfigurationPlatforms) = preSolution
		Debug|x64 = Debug|x64
		Debug|x86 = Debug|x86
		Release|x64 = Release|x64
		Release|x86 = Release|x86
	EndGlobalSection
	GlobalSection(ProjectConfigurationPlatforms) = postSolution
		{22521449-2C15-4B29-B786-DF38D0FAE714}.Debug|x64.ActiveCfg = Debug|x64
		{22521449-2C15-4B29-B786-DF38D0FAE714}.Debug|x64.Build.0 = Debug|x64
		{22521449-2C15-4B29-B786-DF38D0FAE714}.Debug|x86.ActiveCfg = Debug|Win32
		{22521449-2C15-4B29-B786-DF38D0FAE714}.Debug|x86.Build.0 = Debug|Win32
		{22521449-2C15-4B29-B786-DF38D0FAE714}.Release|x64.ActiveCfg = Release|x64
		{22521449-2C15-4B29-B786-DF38D0FAE714}.Release|x64.Build.0 = Release|x64
		{22521449-2C15-4B29-B786-DF38D0FAE714}.Release|x86.ActiveCfg = Release|Win32
		{22521449-2C15-4B29-B786-DF38D0FAE714}.Release|x86.Build.0 = Release|Win32
	EndGlobalSection
	GlobalSection(SolutionProperties) = preSolution
		HideSolutionNode = FALSE
	EndGlobalSection
	GlobalSection(ExtensibilityGlobals) = postSolution
		SolutionGuid = {4CA24843-2FF3-48F0-84B4-D7678FBB3A2B}
	EndGlobalSection
EndGlobal
